
Microsoft Visual Studio Solution File, Format Version 10.00
# Visual Studio 2008
Project("{8BC9CEB8-8B4A-11D0-8D11-00A0C91BC942}") = "Yggdrasil", "Yggdrasil.vcproj", "{FC797F17-72E2-454A-9814-3CCE9C4DC120}"
EndProject
Global
	GlobalSection(SolutionConfigurationPlatforms) = preSolution
		Debug|Win32 = Debug|Win32
		Release|Win32 = Release|Win32
	EndGlobalSection
	GlobalSection(ProjectConfigurationPlatforms) = postSolution
		{FC797F17-72E2-454A-9814-3CCE9C4DC120}.Debug|Win32.ActiveCfg = Debug|Win32
		{FC797F17-72E2-454A-9814-3CCE9C4DC120}.Debug|Win32.Build.0 = Debug|Win32
		{FC797F17-72E2-454A-9814-3CCE9C4DC120}.Release|Win32.ActiveCfg = Release|Win32
		{FC797F17-72E2-454A-9814-3CCE9C4DC120}.Release|Win32.Build.0 = Release|Win32
	EndGlobalSection
	GlobalSection(SolutionProperties) = preSolution
		HideSolutionNode = FALSE
	EndGlobalSection
EndGlobal
